{
  "nodes": {
    "home-manager": {
      "inputs": {
        "nixpkgs": [
          "nixpkgs"
        ]
      },
      "locked": {
        "lastModified": 1753181343,
        "narHash": "sha256-CLQfNtUqirNVSYoW/kYbvL4PeeNasmZonaPnjO3+1YQ=",
        "owner": "nix-community",
        "repo": "home-manager",
        "rev": "0cdfcdbb525b77b951c889b6131047bc374f48fe",
        "type": "github"
      },
      "original": {
        "owner": "nix-community",
        "repo": "home-manager",
        "type": "github"
      }
    },
    "home-manager_2": {
      "inputs": {
        "nixpkgs": [
          "hydenix",
          "hydenix-nixpkgs"
        ]
      },
      "locked": {
        "lastModified": 1751824240,
        "narHash": "sha256-aDDC0CHTlL7QDKWWhdbEgVPK6KwWt+ca0QkmHYZxMzI=",
        "owner": "nix-community",
        "repo": "home-manager",
        "rev": "fd9e55f5fac45a26f6169310afca64d56b681935",
        "type": "github"
      },
      "original": {
        "owner": "nix-community",
        "repo": "home-manager",
        "type": "github"
      }
    },
    "home-manager_3": {
      "inputs": {
        "nixpkgs": [
          "zen-browser",
          "nixpkgs"
        ]
      },
      "locked": {
        "lastModified": 1752603129,
        "narHash": "sha256-S+wmHhwNQ5Ru689L2Gu8n1OD6s9eU9n9mD827JNR+kw=",
        "owner": "nix-community",
        "repo": "home-manager",
        "rev": "e8c19a3cec2814c754f031ab3ae7316b64da085b",
        "type": "github"
      },
      "original": {
        "owner": "nix-community",
        "repo": "home-manager",
        "type": "github"
      }
    },
    "hyde": {
      "flake": false,
      "locked": {
        "lastModified": 1750118281,
        "narHash": "sha256-rYlD979i1XUDZg+okpJZSC4piQKwJiIocfEYjxMyaz8=",
        "owner": "HyDE-Project",
        "repo": "HyDE",
        "rev": "cc76f032e090b84c367c11a4c1b326be76a9fa7e",
        "type": "github"
      },
      "original": {
        "owner": "HyDE-Project",
        "repo": "HyDE",
        "rev": "cc76f032e090b84c367c11a4c1b326be76a9fa7e",
        "type": "github"
      }
    },
    "hydenix": {
      "inputs": {
        "home-manager": "home-manager_2",
        "hyde": "hyde",
        "hydenix-nixpkgs": "hydenix-nixpkgs",
        "nix-index-database": "nix-index-database",
        "nixos-hardware": "nixos-hardware"
      },
      "locked": {
        "lastModified": 1752796806,
        "narHash": "sha256-Mdk1ym4HKTu555QlEvUuS55dpce7Qh2goYwG9ArjxoM=",
        "owner": "richen604",
        "repo": "hydenix",
        "rev": "2fe7ed3af7fec69c9112cd54ab2a363e59c041b3",
        "type": "github"
      },
      "original": {
        "owner": "richen604",
        "repo": "hydenix",
        "type": "github"
      }
    },
    "hydenix-nixpkgs": {
      "locked": {
        "lastModified": 1750122687,
        "narHash": "sha256-zcGClfkXh4pckf4aGOZ18GFv73n1xHbdMWl17cPLouE=",
        "owner": "nixos",
        "repo": "nixpkgs",
        "rev": "c539ae8d21e49776966d714f82fba33b1fca78bc",
        "type": "github"
      },
      "original": {
        "owner": "nixos",
        "repo": "nixpkgs",
        "rev": "c539ae8d21e49776966d714f82fba33b1fca78bc",
        "type": "github"
      }
    },
    "nix-index-database": {
      "inputs": {
        "nixpkgs": [
          "hydenix",
          "hydenix-nixpkgs"
        ]
      },
      "locked": {
        "lastModified": 1751774635,
        "narHash": "sha256-DuOznGdgMxeSlPpUu6Wkq0ZD5e2Cfv9XRZeZlHWMd1s=",
        "owner": "nix-community",
        "repo": "nix-index-database",
        "rev": "85686025ba6d18df31cc651a91d5adef63378978",
        "type": "github"
      },
      "original": {
        "owner": "nix-community",
        "repo": "nix-index-database",
        "type": "github"
      }
    },
    "nix-index-database_2": {
      "inputs": {
        "nixpkgs": [
          "nixpkgs"
        ]
      },
      "locked": {
        "lastModified": 1752985182,
        "narHash": "sha256-sX8Neff8lp3TCHai6QmgLr5AD8MdsQQX3b52C1DVXR8=",
        "owner": "nix-community",
        "repo": "nix-index-database",
        "rev": "fafdcb505ba605157ff7a7eeea452bc6d6cbc23c",
        "type": "github"
      },
      "original": {
        "owner": "nix-community",
        "repo": "nix-index-database",
        "type": "github"
      }
    },
    "nixos-hardware": {
      "locked": {
        "lastModified": 1751432711,
        "narHash": "sha256-136MeWtckSHTN9Z2WRNRdZ8oRP3vyx3L8UxeBYE+J9w=",
        "owner": "NixOS",
        "repo": "nixos-hardware",
        "rev": "497ae1357f1ac97f1aea31a4cb74ad0d534ef41f",
        "type": "github"
      },
      "original": {
        "owner": "NixOS",
        "ref": "master",
        "repo": "nixos-hardware",
        "type": "github"
      }
    },
    "nixos-hardware_2": {
      "locked": {
        "lastModified": 1753122741,
        "narHash": "sha256-nFxE8lk9JvGelxClCmwuJYftbHqwnc01dRN4DVLUroM=",
        "owner": "nixos",
        "repo": "nixos-hardware",
        "rev": "cc66fddc6cb04ab479a1bb062f4d4da27c936a22",
        "type": "github"
      },
      "original": {
        "owner": "nixos",
        "ref": "master",
        "repo": "nixos-hardware",
        "type": "github"
      }
    },
    "nixpkgs": {
      "locked": {
        "lastModified": 1752950548,
        "narHash": "sha256-NS6BLD0lxOrnCiEOcvQCDVPXafX1/ek1dfJHX1nUIzc=",
        "owner": "nixos",
        "repo": "nixpkgs",
        "rev": "c87b95e25065c028d31a94f06a62927d18763fdf",
        "type": "github"
      },
      "original": {
        "owner": "nixos",
        "ref": "nixos-unstable",
        "repo": "nixpkgs",
        "type": "github"
      }
    },
    "root": {
      "inputs": {
        "home-manager": "home-manager",
        "hydenix": "hydenix",
        "nix-index-database": "nix-index-database_2",
        "nixos-hardware": "nixos-hardware_2",
        "nixpkgs": "nixpkgs",
        "zen-browser": "zen-browser"
      }
    },
    "zen-browser": {
      "inputs": {
        "home-manager": "home-manager_3",
        "nixpkgs": [
          "nixpkgs"
        ]
      },
      "locked": {
        "lastModified": 1753069499,
        "narHash": "sha256-YtgY0ueqKNrBma4Euu8WH23BhUkBujirJDMDE1KujnU=",
        "owner": "0xc000022070",
        "repo": "zen-browser-flake",
        "rev": "c64b94235ae24e3b9e01a08f0331d8bb0e5b037a",
        "type": "github"
      },
      "original": {
        "owner": "0xc000022070",
        "repo": "zen-browser-flake",
        "type": "github"
      }
    }
  },
  "root": "root",
  "version": 7
}
